github.com/ecoshub/termium v1.0.0-0.1.1-a h1:B5+MnX8jZvrobVvBiuoc6SUKTDstXjZ0wjr2h4G8XIg=
github.com/ecoshub/termium v1.0.0-0.1.1-a/go.mod h1:ttVrWdov+eLXNcY+HPuwaVqhYY70E2VUawDN4Eci9cY=
github.com/ecoshub/termium v1.1.0-0.0.0-b h1:pfBzmzDbEF+4GCqPwF5DsyiI8WfHqLZ9tTlieRp+mpc=
github.com/ecoshub/termium v1.1.0-0.0.0-b/go.mod h1:ttVrWdov+eLXNcY+HPuwaVqhYY70E2VUawDN4Eci9cY=
github.com/ecoshub/termium v1.1.1-0.0.0-b h1:RhXqvSL0pOJS0sSGdppRX0IV6f0SUXbww74C2SP39LU=
github.com/ecoshub/termium v1.1.1-0.0.0-b/go.mod h1:ttVrWdov+eLXNcY+HPuwaVqhYY70E2VUawDN4Eci9cY=
github.com/ecoshub/termium v1.1.2-0.0.0-b h1:FoEHhjGQ+MWCGb+WjRfydMt5OPTBdoYbctfzgy18oGs=
github.com/ecoshub/termium v1.1.2-0.0.0-b/go.mod h1:ttVrWdov+eLXNcY+HPuwaVqhYY70E2VUawDN4Eci9cY=
github.com/ecoshub/termium v1.1.3-0.0.0-b h1:7Trp6gP52IwQlm0EhvkTAShxi0SkR860t9c0e/F0Qvg=
github.com/ecoshub/termium v1.1.3-0.0.0-b/go.mod h1:ttVrWdov+eLXNcY+HPuwaVqhYY70E2VUawDN4Eci9cY=
github.com/ecoshub/termium v1.1.4-0.0.0-b h1:lRk8zNohgkXs0xtps1SrfbB1QFjmYezw070beYPghgI=
github.com/ecoshub/termium v1.1.4-0.0.0-b/go.mod h1:ttVrWdov+eLXNcY+HPuwaVqhYY70E2VUawDN4Eci9cY=
github.com/eiannone/keyboard v0.0.0-20220611211555-0d226195f203 h1:XBBHcIb256gUJtLmY22n99HaZTz+r2Z51xUPi01m3wg=
github.com/eiannone/keyboard v0.0.0-20220611211555-0d226195f203/go.mod h1:E1jcSv8FaEny+OP/5k9UxZVw9YFWGj7eI4KR/iOBqCg=
github.com/tarm/serial v0.0.0-20180830185346-98f6abe2eb07 h1:UyzmZLoiDWMRywV4DUYb9Fbt8uiOSooupjTq10vpvnU=
github.com/tarm/serial v0.0.0-20180830185346-98f6abe2eb07/go.mod h1:kDXzergiv9cbyO7IOYJZWg1U88JhDg3PB6klq9Hg2pA=
golang.org/x/crypto v0.10.0 h1:LKqV2xt9+kDzSTfOhx4FrkEBcMrAgHSYgzywV9zcGmM=
golang.org/x/crypto v0.10.0/go.mod h1:o4eNf7Ede1fv+hwOwZsTHl9EsPFO6q6ZvYR8vYfY45I=
golang.org/x/sys v0.9.0 h1:KS/R3tvhPqvJvwcKfnBHJwwthS11LRhmM5D59eEXa0s=
golang.org/x/sys v0.9.0/go.mod h1:oPkhp1MJrh7nUepCBck5+mAzfO9JrbApNNgaTdGDITg=
golang.org/x/term v0.9.0 h1:GRRCnKYhdQrD8kfRAdQ6Zcw1P0OcELxGLKJvtjVMZ28=
golang.org/x/term v0.9.0/go.mod h1:M6DEAAIenWoTxdKrOltXcmDY3rSplQUkrvaDU5FcQyo=
